{
    "_readme": [
        "This file locks the dependencies of your project to a known state",
        "Read more about it at https://getcomposer.org/doc/01-basic-usage.md#composer-lock-the-lock-file",
        "This file is @generated automatically"
    ],
    "hash": "4a4b2965d1c739080349f8b3acad3e1d",
    "content-hash": "589930cd596319c7f2362817572183e7",
    "packages": [
        {
            "name": "gcworld/interfaces",
            "version": "2.0.6",
            "source": {
                "type": "git",
                "url": "https://gitlab.konghack.com/GCWorld/Interfaces.git",
                "reference": "4ae7124a15367e945dc9020374db9aaa975db4c2"
            },
            "dist": {
                "type": "zip",
                "url": "http://toran.konghack.com/repo/private/dists/gcworld/interfaces/2.0.6.0/4ae7124a15367e945dc9020374db9aaa975db4c2.zip",
                "reference": "4ae7124a15367e945dc9020374db9aaa975db4c2",
                "shasum": null,
                "mirrors": [
                    {
                        "url": "https://toran.konghack.com/repo/private/dists/%package%/%version%/%reference%.%type%",
                        "preferred": true
                    }
                ]
            },
            "require": {
                "php": ">=5.4.0"
            },
            "type": "library",
            "autoload": {
                "psr-4": {
                    "GCWorld\\Interfaces\\": "src/"
                }
            },
            "license": [
                "proprietary"
            ],
            "authors": [
                {
                    "name": "GameCharmer",
                    "email": "admin@gamecharmer.com"
                }
            ],
            "description": "GCWorld Industries Interfaces",
            "time": "2015-08-10 15:04:19"
        }
    ],
    "packages-dev": [],
    "aliases": [],
    "minimum-stability": "stable",
    "stability-flags": [],
    "prefer-stable": false,
    "prefer-lowest": false,
    "platform": {
        "php": ">=5.4.0"
    },
    "platform-dev": []
}
